
Microsoft Visual Studio Solution File, Format Version 12.00
# Visual Studio Version 17
VisualStudioVersion = 17.5.002.0
MinimumVisualStudioVersion = 10.0.40219.1
Project("{2150E333-8FDC-42A3-9474-1A3956D46DE8}") = "1. Hello World", "1. Hello World", "{B184482C-7C5A-4272-BBA1-C2B835127C7B}"
EndProject
Project("{2150E333-8FDC-42A3-9474-1A3956D46DE8}") = "Hello_World!", "Hello_World!", "{0636E81E-0026-4C36-A246-65F700CF8DD9}"
EndProject
Project("{9A19103F-16F7-4668-BE54-9A1E7A4F7556}") = "Hello_World!", "1. Hello World\Hello_World!\Hello_World!\Hello_World!.csproj", "{A0357D11-D3FC-474D-B031-3BFB1C07C377}"
EndProject
Global
	GlobalSection(SolutionConfigurationPlatforms) = preSolution
		Debug|Any CPU = Debug|Any CPU
		Release|Any CPU = Release|Any CPU
	EndGlobalSection
	GlobalSection(ProjectConfigurationPlatforms) = postSolution
		{A0357D11-D3FC-474D-B031-3BFB1C07C377}.Debug|Any CPU.ActiveCfg = Debug|Any CPU
		{A0357D11-D3FC-474D-B031-3BFB1C07C377}.Debug|Any CPU.Build.0 = Debug|Any CPU
		{A0357D11-D3FC-474D-B031-3BFB1C07C377}.Release|Any CPU.ActiveCfg = Release|Any CPU
		{A0357D11-D3FC-474D-B031-3BFB1C07C377}.Release|Any CPU.Build.0 = Release|Any CPU
	EndGlobalSection
	GlobalSection(SolutionProperties) = preSolution
		HideSolutionNode = FALSE
	EndGlobalSection
	GlobalSection(NestedProjects) = preSolution
		{0636E81E-0026-4C36-A246-65F700CF8DD9} = {B184482C-7C5A-4272-BBA1-C2B835127C7B}
		{A0357D11-D3FC-474D-B031-3BFB1C07C377} = {0636E81E-0026-4C36-A246-65F700CF8DD9}
	EndGlobalSection
	GlobalSection(ExtensibilityGlobals) = postSolution
		SolutionGuid = {8F4718BF-D2BB-4B8B-9FED-ABB97A3D36CF}
	EndGlobalSection
EndGlobal
